
Microsoft Visual Studio Solution File, Format Version 12.00
# Visual Studio Version 17
VisualStudioVersion = 17.14.36414.22
MinimumVisualStudioVersion = 10.0.40219.1
Project("{FAE04EC0-301F-11D3-BF4B-00C04F79EFBC}") = "Orders.Backend", "Orders.Backend\Orders.Backend.csproj", "{976D577C-77CD-2390-237C-1ED5B3B0A65F}"
EndProject
Project("{FAE04EC0-301F-11D3-BF4B-00C04F79EFBC}") = "Orders.Shared", "Orders.Shared\Orders.Shared.csproj", "{DD5F8DC0-9534-D701-A609-0A5318518F44}"
EndProject
Project("{FAE04EC0-301F-11D3-BF4B-00C04F79EFBC}") = "Orders.Frontend", "Orders.Frontend\Orders.Frontend.csproj", "{FE33B5D1-D6BE-F5C5-0E57-09A39A7B0FEF}"
EndProject
Global
	GlobalSection(SolutionConfigurationPlatforms) = preSolution
		Debug|Any CPU = Debug|Any CPU
		Release|Any CPU = Release|Any CPU
	EndGlobalSection
	GlobalSection(ProjectConfigurationPlatforms) = postSolution
		{976D577C-77CD-2390-237C-1ED5B3B0A65F}.Debug|Any CPU.ActiveCfg = Debug|Any CPU
		{976D577C-77CD-2390-237C-1ED5B3B0A65F}.Debug|Any CPU.Build.0 = Debug|Any CPU
		{976D577C-77CD-2390-237C-1ED5B3B0A65F}.Release|Any CPU.ActiveCfg = Release|Any CPU
		{976D577C-77CD-2390-237C-1ED5B3B0A65F}.Release|Any CPU.Build.0 = Release|Any CPU
		{DD5F8DC0-9534-D701-A609-0A5318518F44}.Debug|Any CPU.ActiveCfg = Debug|Any CPU
		{DD5F8DC0-9534-D701-A609-0A5318518F44}.Debug|Any CPU.Build.0 = Debug|Any CPU
		{DD5F8DC0-9534-D701-A609-0A5318518F44}.Release|Any CPU.ActiveCfg = Release|Any CPU
		{DD5F8DC0-9534-D701-A609-0A5318518F44}.Release|Any CPU.Build.0 = Release|Any CPU
		{FE33B5D1-D6BE-F5C5-0E57-09A39A7B0FEF}.Debug|Any CPU.ActiveCfg = Debug|Any CPU
		{FE33B5D1-D6BE-F5C5-0E57-09A39A7B0FEF}.Debug|Any CPU.Build.0 = Debug|Any CPU
		{FE33B5D1-D6BE-F5C5-0E57-09A39A7B0FEF}.Release|Any CPU.ActiveCfg = Release|Any CPU
		{FE33B5D1-D6BE-F5C5-0E57-09A39A7B0FEF}.Release|Any CPU.Build.0 = Release|Any CPU
	EndGlobalSection
	GlobalSection(SolutionProperties) = preSolution
		HideSolutionNode = FALSE
	EndGlobalSection
	GlobalSection(ExtensibilityGlobals) = postSolution
		SolutionGuid = {7491C082-4C6D-4EAD-9597-7E39A125695C}
	EndGlobalSection
EndGlobal
